
Microsoft Visual Studio Solution File, Format Version 12.00
# Visual Studio Version 16
VisualStudioVersion = 16.0.31605.320
MinimumVisualStudioVersion = 10.0.40219.1
Project("{9A19103F-16F7-4668-BE54-9A1E7A4F7556}") = "Subset Anagrams", "Subset Anagrams\Subset Anagrams.csproj", "{0A63A17A-D1FD-41D8-ADA7-C337FA28C6A0}"
EndProject
Project("{FAE04EC0-301F-11D3-BF4B-00C04F79EFBC}") = "Subset Anagrams Tests", "Subset Anagrams Tests\Subset Anagrams Tests.csproj", "{33FC0CFA-25FB-4AA7-B87E-5F24AD51FD1F}"
EndProject
Global
	GlobalSection(SolutionConfigurationPlatforms) = preSolution
		Debug|Any CPU = Debug|Any CPU
		Release|Any CPU = Release|Any CPU
	EndGlobalSection
	GlobalSection(ProjectConfigurationPlatforms) = postSolution
		{0A63A17A-D1FD-41D8-ADA7-C337FA28C6A0}.Debug|Any CPU.ActiveCfg = Debug|Any CPU
		{0A63A17A-D1FD-41D8-ADA7-C337FA28C6A0}.Debug|Any CPU.Build.0 = Debug|Any CPU
		{0A63A17A-D1FD-41D8-ADA7-C337FA28C6A0}.Release|Any CPU.ActiveCfg = Release|Any CPU
		{0A63A17A-D1FD-41D8-ADA7-C337FA28C6A0}.Release|Any CPU.Build.0 = Release|Any CPU
		{33FC0CFA-25FB-4AA7-B87E-5F24AD51FD1F}.Debug|Any CPU.ActiveCfg = Debug|Any CPU
		{33FC0CFA-25FB-4AA7-B87E-5F24AD51FD1F}.Debug|Any CPU.Build.0 = Debug|Any CPU
		{33FC0CFA-25FB-4AA7-B87E-5F24AD51FD1F}.Release|Any CPU.ActiveCfg = Release|Any CPU
		{33FC0CFA-25FB-4AA7-B87E-5F24AD51FD1F}.Release|Any CPU.Build.0 = Release|Any CPU
	EndGlobalSection
	GlobalSection(SolutionProperties) = preSolution
		HideSolutionNode = FALSE
	EndGlobalSection
	GlobalSection(ExtensibilityGlobals) = postSolution
		SolutionGuid = {9EED6643-5A7A-4C5E-BBD4-B48F4E4B7A3E}
	EndGlobalSection
EndGlobal
